// !$*UTF8*$!
{
	archiveVersion = 1;
	classes = {
	};
	objectVersion = 56;
	objects = {

/* Begin PBXBuildFile section */
		0B38216D2C171366004F26E3 /* STATSApp.swift in Sources */ = {isa = PBXBuildFile; fileRef = 0B38216C2C171366004F26E3 /* STATSApp.swift */; };
		0B38216F2C171366004F26E3 /* ContentView.swift in Sources */ = {isa = PBXBuildFile; fileRef = 0B38216E2C171366004F26E3 /* ContentView.swift */; };
		0B3821732C171367004F26E3 /* Assets.xcassets in Resources */ = {isa = PBXBuildFile; fileRef = 0B3821722C171367004F26E3 /* Assets.xcassets */; };
		0B3821762C171367004F26E3 /* Preview Assets.xcassets in Resources */ = {isa = PBXBuildFile; fileRef = 0B3821752C171367004F26E3 /* Preview Assets.xcassets */; };
		0B3821802C171367004F26E3 /* STATSTests.swift in Sources */ = {isa = PBXBuildFile; fileRef = 0B38217F2C171367004F26E3 /* STATSTests.swift */; };
		0B38218A2C171367004F26E3 /* STATSUITests.swift in Sources */ = {isa = PBXBuildFile; fileRef = 0B3821892C171367004F26E3 /* STATSUITests.swift */; };
		0B38218C2C171367004F26E3 /* STATSUITestsLaunchTests.swift in Sources */ = {isa = PBXBuildFile; fileRef = 0B38218B2C171367004F26E3 /* STATSUITestsLaunchTests.swift */; };
		0B3821992C1836DB004F26E3 /* CounterStat.swift in Sources */ = {isa = PBXBuildFile; fileRef = 0B3821982C1836DB004F26E3 /* CounterStat.swift */; };
		0B38219C2C1845D5004F26E3 /* ReminderFrequencyEnum.swift in Sources */ = {isa = PBXBuildFile; fileRef = 0B38219B2C1845D5004F26E3 /* ReminderFrequencyEnum.swift */; };
		0B38219F2C184621004F26E3 /* DaysOfWeek.swift in Sources */ = {isa = PBXBuildFile; fileRef = 0B38219E2C184621004F26E3 /* DaysOfWeek.swift */; };
		0B3821A12C184638004F26E3 /* CounterEntry.swift in Sources */ = {isa = PBXBuildFile; fileRef = 0B3821A02C184638004F26E3 /* CounterEntry.swift */; };
		0B3821A92C186D69004F26E3 /* CounterForm.swift in Sources */ = {isa = PBXBuildFile; fileRef = 0B3821A82C186D69004F26E3 /* CounterForm.swift */; };
		0B3821AB2C199D9E004F26E3 /* StatList.swift in Sources */ = {isa = PBXBuildFile; fileRef = 0B3821AA2C199D9E004F26E3 /* StatList.swift */; };
		0B3821AD2C19BA8F004F26E3 /* CounterEntryForm.swift in Sources */ = {isa = PBXBuildFile; fileRef = 0B3821AC2C19BA8F004F26E3 /* CounterEntryForm.swift */; };
		0B3821AF2C19DE91004F26E3 /* DecimalStat.swift in Sources */ = {isa = PBXBuildFile; fileRef = 0B3821AE2C19DE91004F26E3 /* DecimalStat.swift */; };
		0B3821B12C19DEF4004F26E3 /* DecimalEntry.swift in Sources */ = {isa = PBXBuildFile; fileRef = 0B3821B02C19DEF4004F26E3 /* DecimalEntry.swift */; };
		0B3821B32C19E14A004F26E3 /* Stat.swift in Sources */ = {isa = PBXBuildFile; fileRef = 0B3821B22C19E14A004F26E3 /* Stat.swift */; };
		0B3821B52C1B2F27004F26E3 /* DecimalForm.swift in Sources */ = {isa = PBXBuildFile; fileRef = 0B3821B42C1B2F27004F26E3 /* DecimalForm.swift */; };
		0B3821B72C1B2F95004F26E3 /* DecimalEntryForm.swift in Sources */ = {isa = PBXBuildFile; fileRef = 0B3821B62C1B2F95004F26E3 /* DecimalEntryForm.swift */; };
		0B3821BA2C1C2510004F26E3 /* AnyStat.swift in Sources */ = {isa = PBXBuildFile; fileRef = 0B3821B92C1C2510004F26E3 /* AnyStat.swift */; };
		0B3822012C1F0F68004F26E3 /* Entry.swift in Sources */ = {isa = PBXBuildFile; fileRef = 0B3822002C1F0F68004F26E3 /* Entry.swift */; };
		0B3822032C1F59EA004F26E3 /* CounterCard.swift in Sources */ = {isa = PBXBuildFile; fileRef = 0B3822022C1F59EA004F26E3 /* CounterCard.swift */; };
		0B3822052C1F5DA1004F26E3 /* CounterDetail.swift in Sources */ = {isa = PBXBuildFile; fileRef = 0B3822042C1F5DA1004F26E3 /* CounterDetail.swift */; };
		0B3822072C1F5F66004F26E3 /* DecimalDetail.swift in Sources */ = {isa = PBXBuildFile; fileRef = 0B3822062C1F5F66004F26E3 /* DecimalDetail.swift */; };
		0B3822092C1F6B93004F26E3 /* StatUtility.swift in Sources */ = {isa = PBXBuildFile; fileRef = 0B3822082C1F6B93004F26E3 /* StatUtility.swift */; };
		0B38220E2C2056DD004F26E3 /* ModelContext.swift in Sources */ = {isa = PBXBuildFile; fileRef = 0B38220D2C2056DD004F26E3 /* ModelContext.swift */; };
		0B3822122C22E4B9004F26E3 /* Navbar.swift in Sources */ = {isa = PBXBuildFile; fileRef = 0B3822112C22E4B9004F26E3 /* Navbar.swift */; };
		0B3822142C22E7A9004F26E3 /* NewStatType.swift in Sources */ = {isa = PBXBuildFile; fileRef = 0B3822132C22E7A9004F26E3 /* NewStatType.swift */; };
		0B3822162C22E8FE004F26E3 /* Settings.swift in Sources */ = {isa = PBXBuildFile; fileRef = 0B3822152C22E8FE004F26E3 /* Settings.swift */; };
		0B38221C2C2488E7004F26E3 /* DecimalCard.swift in Sources */ = {isa = PBXBuildFile; fileRef = 0B38221B2C2488E7004F26E3 /* DecimalCard.swift */; };
		0B4705AA2C297986004D1DDB /* StatDetailTabs.swift in Sources */ = {isa = PBXBuildFile; fileRef = 0B4705A92C297986004D1DDB /* StatDetailTabs.swift */; };
		0B4705AC2C297CA6004D1DDB /* CounterReport.swift in Sources */ = {isa = PBXBuildFile; fileRef = 0B4705AB2C297CA6004D1DDB /* CounterReport.swift */; };
		0B4705B02C29C9A8004D1DDB /* DecimalReport.swift in Sources */ = {isa = PBXBuildFile; fileRef = 0B4705AF2C29C9A8004D1DDB /* DecimalReport.swift */; };
		0B4705B22C2AAFA1004D1DDB /* TabButton.swift in Sources */ = {isa = PBXBuildFile; fileRef = 0B4705B12C2AAFA1004D1DDB /* TabButton.swift */; };
		0B4705B42C2C44C3004D1DDB /* CounterEntryCard.swift in Sources */ = {isa = PBXBuildFile; fileRef = 0B4705B32C2C44C3004D1DDB /* CounterEntryCard.swift */; };
		0B4705B62C2C44DA004D1DDB /* DecimalEntryCard.swift in Sources */ = {isa = PBXBuildFile; fileRef = 0B4705B52C2C44DA004D1DDB /* DecimalEntryCard.swift */; };
		0B4705BE2C316777004D1DDB /* CounterEntryList.swift in Sources */ = {isa = PBXBuildFile; fileRef = 0B4705BD2C316777004D1DDB /* CounterEntryList.swift */; };
		0B4705C02C316814004D1DDB /* AnyEntry.swift in Sources */ = {isa = PBXBuildFile; fileRef = 0B4705BF2C316814004D1DDB /* AnyEntry.swift */; };
		0B4705C22C32DD30004D1DDB /* History.swift in Sources */ = {isa = PBXBuildFile; fileRef = 0B4705C12C32DD30004D1DDB /* History.swift */; };
		0B4705C42C32DEAA004D1DDB /* DecimalEntryList.swift in Sources */ = {isa = PBXBuildFile; fileRef = 0B4705C32C32DEAA004D1DDB /* DecimalEntryList.swift */; };
		0B6AC34F2C35B51500636AAA /* SortType.swift in Sources */ = {isa = PBXBuildFile; fileRef = 0B6AC34E2C35B51400636AAA /* SortType.swift */; };
		0B6AC3512C369CF400636AAA /* Tab.swift in Sources */ = {isa = PBXBuildFile; fileRef = 0B6AC3502C369CF400636AAA /* Tab.swift */; };
		0B6AC3532C369CFE00636AAA /* DetailTab.swift in Sources */ = {isa = PBXBuildFile; fileRef = 0B6AC3522C369CFE00636AAA /* DetailTab.swift */; };
/* End PBXBuildFile section */

/* Begin PBXContainerItemProxy section */
		0B38217C2C171367004F26E3 /* PBXContainerItemProxy */ = {
			isa = PBXContainerItemProxy;
			containerPortal = 0B3821612C171366004F26E3 /* Project object */;
			proxyType = 1;
			remoteGlobalIDString = 0B3821682C171366004F26E3;
			remoteInfo = STATS;
		};
		0B3821862C171367004F26E3 /* PBXContainerItemProxy */ = {
			isa = PBXContainerItemProxy;
			containerPortal = 0B3821612C171366004F26E3 /* Project object */;
			proxyType = 1;
			remoteGlobalIDString = 0B3821682C171366004F26E3;
			remoteInfo = STATS;
		};
/* End PBXContainerItemProxy section */

/* Begin PBXFileReference section */
		0B3821692C171366004F26E3 /* STATS.app */ = {isa = PBXFileReference; explicitFileType = wrapper.application; includeInIndex = 0; path = STATS.app; sourceTree = BUILT_PRODUCTS_DIR; };
		0B38216C2C171366004F26E3 /* STATSApp.swift */ = {isa = PBXFileReference; lastKnownFileType = sourcecode.swift; path = STATSApp.swift; sourceTree = "<group>"; };
		0B38216E2C171366004F26E3 /* ContentView.swift */ = {isa = PBXFileReference; lastKnownFileType = sourcecode.swift; path = ContentView.swift; sourceTree = "<group>"; };
		0B3821722C171367004F26E3 /* Assets.xcassets */ = {isa = PBXFileReference; lastKnownFileType = folder.assetcatalog; path = Assets.xcassets; sourceTree = "<group>"; };
		0B3821752C171367004F26E3 /* Preview Assets.xcassets */ = {isa = PBXFileReference; lastKnownFileType = folder.assetcatalog; path = "Preview Assets.xcassets"; sourceTree = "<group>"; };
		0B38217B2C171367004F26E3 /* STATSTests.xctest */ = {isa = PBXFileReference; explicitFileType = wrapper.cfbundle; includeInIndex = 0; path = STATSTests.xctest; sourceTree = BUILT_PRODUCTS_DIR; };
		0B38217F2C171367004F26E3 /* STATSTests.swift */ = {isa = PBXFileReference; lastKnownFileType = sourcecode.swift; path = STATSTests.swift; sourceTree = "<group>"; };
		0B3821852C171367004F26E3 /* STATSUITests.xctest */ = {isa = PBXFileReference; explicitFileType = wrapper.cfbundle; includeInIndex = 0; path = STATSUITests.xctest; sourceTree = BUILT_PRODUCTS_DIR; };
		0B3821892C171367004F26E3 /* STATSUITests.swift */ = {isa = PBXFileReference; lastKnownFileType = sourcecode.swift; path = STATSUITests.swift; sourceTree = "<group>"; };
		0B38218B2C171367004F26E3 /* STATSUITestsLaunchTests.swift */ = {isa = PBXFileReference; lastKnownFileType = sourcecode.swift; path = STATSUITestsLaunchTests.swift; sourceTree = "<group>"; };
		0B3821982C1836DB004F26E3 /* CounterStat.swift */ = {isa = PBXFileReference; lastKnownFileType = sourcecode.swift; path = CounterStat.swift; sourceTree = "<group>"; };
		0B38219B2C1845D5004F26E3 /* ReminderFrequencyEnum.swift */ = {isa = PBXFileReference; lastKnownFileType = sourcecode.swift; path = ReminderFrequencyEnum.swift; sourceTree = "<group>"; };
		0B38219E2C184621004F26E3 /* DaysOfWeek.swift */ = {isa = PBXFileReference; lastKnownFileType = sourcecode.swift; path = DaysOfWeek.swift; sourceTree = "<group>"; };
		0B3821A02C184638004F26E3 /* CounterEntry.swift */ = {isa = PBXFileReference; lastKnownFileType = sourcecode.swift; path = CounterEntry.swift; sourceTree = "<group>"; };
		0B3821A82C186D69004F26E3 /* CounterForm.swift */ = {isa = PBXFileReference; lastKnownFileType = sourcecode.swift; path = CounterForm.swift; sourceTree = "<group>"; };
		0B3821AA2C199D9E004F26E3 /* StatList.swift */ = {isa = PBXFileReference; lastKnownFileType = sourcecode.swift; path = StatList.swift; sourceTree = "<group>"; };
		0B3821AC2C19BA8F004F26E3 /* CounterEntryForm.swift */ = {isa = PBXFileReference; lastKnownFileType = sourcecode.swift; path = CounterEntryForm.swift; sourceTree = "<group>"; };
		0B3821AE2C19DE91004F26E3 /* DecimalStat.swift */ = {isa = PBXFileReference; lastKnownFileType = sourcecode.swift; path = DecimalStat.swift; sourceTree = "<group>"; };
		0B3821B02C19DEF4004F26E3 /* DecimalEntry.swift */ = {isa = PBXFileReference; lastKnownFileType = sourcecode.swift; path = DecimalEntry.swift; sourceTree = "<group>"; };
		0B3821B22C19E14A004F26E3 /* Stat.swift */ = {isa = PBXFileReference; lastKnownFileType = sourcecode.swift; path = Stat.swift; sourceTree = "<group>"; };
		0B3821B42C1B2F27004F26E3 /* DecimalForm.swift */ = {isa = PBXFileReference; lastKnownFileType = sourcecode.swift; path = DecimalForm.swift; sourceTree = "<group>"; };
		0B3821B62C1B2F95004F26E3 /* DecimalEntryForm.swift */ = {isa = PBXFileReference; lastKnownFileType = sourcecode.swift; path = DecimalEntryForm.swift; sourceTree = "<group>"; };
		0B3821B92C1C2510004F26E3 /* AnyStat.swift */ = {isa = PBXFileReference; lastKnownFileType = sourcecode.swift; path = AnyStat.swift; sourceTree = "<group>"; };
		0B3822002C1F0F68004F26E3 /* Entry.swift */ = {isa = PBXFileReference; lastKnownFileType = sourcecode.swift; path = Entry.swift; sourceTree = "<group>"; };
		0B3822022C1F59EA004F26E3 /* CounterCard.swift */ = {isa = PBXFileReference; lastKnownFileType = sourcecode.swift; path = CounterCard.swift; sourceTree = "<group>"; };
		0B3822042C1F5DA1004F26E3 /* CounterDetail.swift */ = {isa = PBXFileReference; lastKnownFileType = sourcecode.swift; path = CounterDetail.swift; sourceTree = "<group>"; };
		0B3822062C1F5F66004F26E3 /* DecimalDetail.swift */ = {isa = PBXFileReference; lastKnownFileType = sourcecode.swift; path = DecimalDetail.swift; sourceTree = "<group>"; };
		0B3822082C1F6B93004F26E3 /* StatUtility.swift */ = {isa = PBXFileReference; lastKnownFileType = sourcecode.swift; path = StatUtility.swift; sourceTree = "<group>"; };
		0B38220D2C2056DD004F26E3 /* ModelContext.swift */ = {isa = PBXFileReference; lastKnownFileType = sourcecode.swift; path = ModelContext.swift; sourceTree = "<group>"; };
		0B3822112C22E4B9004F26E3 /* Navbar.swift */ = {isa = PBXFileReference; lastKnownFileType = sourcecode.swift; path = Navbar.swift; sourceTree = "<group>"; };
		0B3822132C22E7A9004F26E3 /* NewStatType.swift */ = {isa = PBXFileReference; lastKnownFileType = sourcecode.swift; path = NewStatType.swift; sourceTree = "<group>"; };
		0B3822152C22E8FE004F26E3 /* Settings.swift */ = {isa = PBXFileReference; lastKnownFileType = sourcecode.swift; path = Settings.swift; sourceTree = "<group>"; };
		0B38221B2C2488E7004F26E3 /* DecimalCard.swift */ = {isa = PBXFileReference; lastKnownFileType = sourcecode.swift; path = DecimalCard.swift; sourceTree = "<group>"; };
		0B4705A92C297986004D1DDB /* StatDetailTabs.swift */ = {isa = PBXFileReference; lastKnownFileType = sourcecode.swift; path = StatDetailTabs.swift; sourceTree = "<group>"; };
		0B4705AB2C297CA6004D1DDB /* CounterReport.swift */ = {isa = PBXFileReference; lastKnownFileType = sourcecode.swift; path = CounterReport.swift; sourceTree = "<group>"; };
		0B4705AF2C29C9A8004D1DDB /* DecimalReport.swift */ = {isa = PBXFileReference; lastKnownFileType = sourcecode.swift; path = DecimalReport.swift; sourceTree = "<group>"; };
		0B4705B12C2AAFA1004D1DDB /* TabButton.swift */ = {isa = PBXFileReference; lastKnownFileType = sourcecode.swift; path = TabButton.swift; sourceTree = "<group>"; };
		0B4705B32C2C44C3004D1DDB /* CounterEntryCard.swift */ = {isa = PBXFileReference; lastKnownFileType = sourcecode.swift; path = CounterEntryCard.swift; sourceTree = "<group>"; };
		0B4705B52C2C44DA004D1DDB /* DecimalEntryCard.swift */ = {isa = PBXFileReference; lastKnownFileType = sourcecode.swift; path = DecimalEntryCard.swift; sourceTree = "<group>"; };
		0B4705BD2C316777004D1DDB /* CounterEntryList.swift */ = {isa = PBXFileReference; lastKnownFileType = sourcecode.swift; path = CounterEntryList.swift; sourceTree = "<group>"; };
		0B4705BF2C316814004D1DDB /* AnyEntry.swift */ = {isa = PBXFileReference; lastKnownFileType = sourcecode.swift; path = AnyEntry.swift; sourceTree = "<group>"; };
		0B4705C12C32DD30004D1DDB /* History.swift */ = {isa = PBXFileReference; lastKnownFileType = sourcecode.swift; path = History.swift; sourceTree = "<group>"; };
		0B4705C32C32DEAA004D1DDB /* DecimalEntryList.swift */ = {isa = PBXFileReference; lastKnownFileType = sourcecode.swift; path = DecimalEntryList.swift; sourceTree = "<group>"; };
		0B6AC34E2C35B51400636AAA /* SortType.swift */ = {isa = PBXFileReference; lastKnownFileType = sourcecode.swift; path = SortType.swift; sourceTree = "<group>"; };
		0B6AC3502C369CF400636AAA /* Tab.swift */ = {isa = PBXFileReference; lastKnownFileType = sourcecode.swift; path = Tab.swift; sourceTree = "<group>"; };
		0B6AC3522C369CFE00636AAA /* DetailTab.swift */ = {isa = PBXFileReference; lastKnownFileType = sourcecode.swift; path = DetailTab.swift; sourceTree = "<group>"; };
/* End PBXFileReference section */

/* Begin PBXFrameworksBuildPhase section */
		0B3821662C171366004F26E3 /* Frameworks */ = {
			isa = PBXFrameworksBuildPhase;
			buildActionMask = 2147483647;
			files = (
			);
			runOnlyForDeploymentPostprocessing = 0;
		};
		0B3821782C171367004F26E3 /* Frameworks */ = {
			isa = PBXFrameworksBuildPhase;
			buildActionMask = 2147483647;
			files = (
			);
			runOnlyForDeploymentPostprocessing = 0;
		};
		0B3821822C171367004F26E3 /* Frameworks */ = {
			isa = PBXFrameworksBuildPhase;
			buildActionMask = 2147483647;
			files = (
			);
			runOnlyForDeploymentPostprocessing = 0;
		};
/* End PBXFrameworksBuildPhase section */

/* Begin PBXGroup section */
		0B3821602C171366004F26E3 = {
			isa = PBXGroup;
			children = (
				0B38216B2C171366004F26E3 /* STATS */,
				0B38217E2C171367004F26E3 /* STATSTests */,
				0B3821882C171367004F26E3 /* STATSUITests */,
				0B38216A2C171366004F26E3 /* Products */,
			);
			sourceTree = "<group>";
		};
		0B38216A2C171366004F26E3 /* Products */ = {
			isa = PBXGroup;
			children = (
				0B3821692C171366004F26E3 /* STATS.app */,
				0B38217B2C171367004F26E3 /* STATSTests.xctest */,
				0B3821852C171367004F26E3 /* STATSUITests.xctest */,
			);
			name = Products;
			sourceTree = "<group>";
		};
		0B38216B2C171366004F26E3 /* STATS */ = {
			isa = PBXGroup;
			children = (
				0B38220C2C2056CB004F26E3 /* Extensions */,
				0B3821FD2C1EF9AC004F26E3 /* Stat */,
				0B3821FE2C1EF9BB004F26E3 /* Counter */,
				0B3821FF2C1EFA0F004F26E3 /* Decimal */,
				0B38219D2C1845D9004F26E3 /* Enum */,
				0B38216E2C171366004F26E3 /* ContentView.swift */,
				0B3822112C22E4B9004F26E3 /* Navbar.swift */,
				0B3822152C22E8FE004F26E3 /* Settings.swift */,
				0B38216C2C171366004F26E3 /* STATSApp.swift */,
				0B4705B12C2AAFA1004D1DDB /* TabButton.swift */,
				0B3821722C171367004F26E3 /* Assets.xcassets */,
				0B3821742C171367004F26E3 /* Preview Content */,
			);
			path = STATS;
			sourceTree = "<group>";
		};
		0B3821742C171367004F26E3 /* Preview Content */ = {
			isa = PBXGroup;
			children = (
				0B3821752C171367004F26E3 /* Preview Assets.xcassets */,
			);
			path = "Preview Content";
			sourceTree = "<group>";
		};
		0B38217E2C171367004F26E3 /* STATSTests */ = {
			isa = PBXGroup;
			children = (
				0B38217F2C171367004F26E3 /* STATSTests.swift */,
			);
			path = STATSTests;
			sourceTree = "<group>";
		};
		0B3821882C171367004F26E3 /* STATSUITests */ = {
			isa = PBXGroup;
			children = (
				0B3821892C171367004F26E3 /* STATSUITests.swift */,
				0B38218B2C171367004F26E3 /* STATSUITestsLaunchTests.swift */,
			);
			path = STATSUITests;
			sourceTree = "<group>";
		};
		0B38219D2C1845D9004F26E3 /* Enum */ = {
			isa = PBXGroup;
			children = (
				0B38219B2C1845D5004F26E3 /* ReminderFrequencyEnum.swift */,
				0B38219E2C184621004F26E3 /* DaysOfWeek.swift */,
				0B6AC34E2C35B51400636AAA /* SortType.swift */,
				0B6AC3502C369CF400636AAA /* Tab.swift */,
				0B6AC3522C369CFE00636AAA /* DetailTab.swift */,
			);
			path = Enum;
			sourceTree = "<group>";
		};
		0B3821FD2C1EF9AC004F26E3 /* Stat */ = {
			isa = PBXGroup;
			children = (
				0B4705BF2C316814004D1DDB /* AnyEntry.swift */,
				0B3821B92C1C2510004F26E3 /* AnyStat.swift */,
				0B3822002C1F0F68004F26E3 /* Entry.swift */,
				0B4705C12C32DD30004D1DDB /* History.swift */,
				0B3822132C22E7A9004F26E3 /* NewStatType.swift */,
				0B3821B22C19E14A004F26E3 /* Stat.swift */,
				0B4705A92C297986004D1DDB /* StatDetailTabs.swift */,
				0B3821AA2C199D9E004F26E3 /* StatList.swift */,
				0B3822082C1F6B93004F26E3 /* StatUtility.swift */,
			);
			path = Stat;
			sourceTree = "<group>";
		};
		0B3821FE2C1EF9BB004F26E3 /* Counter */ = {
			isa = PBXGroup;
			children = (
				0B3822022C1F59EA004F26E3 /* CounterCard.swift */,
				0B3822042C1F5DA1004F26E3 /* CounterDetail.swift */,
				0B3821A02C184638004F26E3 /* CounterEntry.swift */,
				0B4705B32C2C44C3004D1DDB /* CounterEntryCard.swift */,
				0B3821AC2C19BA8F004F26E3 /* CounterEntryForm.swift */,
				0B4705BD2C316777004D1DDB /* CounterEntryList.swift */,
				0B3821A82C186D69004F26E3 /* CounterForm.swift */,
				0B3821982C1836DB004F26E3 /* CounterStat.swift */,
				0B4705AB2C297CA6004D1DDB /* CounterReport.swift */,
			);
			path = Counter;
			sourceTree = "<group>";
		};
		0B3821FF2C1EFA0F004F26E3 /* Decimal */ = {
			isa = PBXGroup;
			children = (
				0B38221B2C2488E7004F26E3 /* DecimalCard.swift */,
				0B3822062C1F5F66004F26E3 /* DecimalDetail.swift */,
				0B3821B02C19DEF4004F26E3 /* DecimalEntry.swift */,
				0B4705B52C2C44DA004D1DDB /* DecimalEntryCard.swift */,
				0B3821B62C1B2F95004F26E3 /* DecimalEntryForm.swift */,
				0B4705C32C32DEAA004D1DDB /* DecimalEntryList.swift */,
				0B3821B42C1B2F27004F26E3 /* DecimalForm.swift */,
				0B3821AE2C19DE91004F26E3 /* DecimalStat.swift */,
				0B4705AF2C29C9A8004D1DDB /* DecimalReport.swift */,
			);
			path = Decimal;
			sourceTree = "<group>";
		};
		0B38220C2C2056CB004F26E3 /* Extensions */ = {
			isa = PBXGroup;
			children = (
				0B38220D2C2056DD004F26E3 /* ModelContext.swift */,
			);
			path = Extensions;
			sourceTree = "<group>";
		};
/* End PBXGroup section */

/* Begin PBXNativeTarget section */
		0B3821682C171366004F26E3 /* STATS */ = {
			isa = PBXNativeTarget;
			buildConfigurationList = 0B38218F2C171367004F26E3 /* Build configuration list for PBXNativeTarget "STATS" */;
			buildPhases = (
				0B3821652C171366004F26E3 /* Sources */,
				0B3821662C171366004F26E3 /* Frameworks */,
				0B3821672C171366004F26E3 /* Resources */,
			);
			buildRules = (
			);
			dependencies = (
			);
			name = STATS;
			productName = STATS;
			productReference = 0B3821692C171366004F26E3 /* STATS.app */;
			productType = "com.apple.product-type.application";
		};
		0B38217A2C171367004F26E3 /* STATSTests */ = {
			isa = PBXNativeTarget;
			buildConfigurationList = 0B3821922C171367004F26E3 /* Build configuration list for PBXNativeTarget "STATSTests" */;
			buildPhases = (
				0B3821772C171367004F26E3 /* Sources */,
				0B3821782C171367004F26E3 /* Frameworks */,
				0B3821792C171367004F26E3 /* Resources */,
			);
			buildRules = (
			);
			dependencies = (
				0B38217D2C171367004F26E3 /* PBXTargetDependency */,
			);
			name = STATSTests;
			productName = STATSTests;
			productReference = 0B38217B2C171367004F26E3 /* STATSTests.xctest */;
			productType = "com.apple.product-type.bundle.unit-test";
		};
		0B3821842C171367004F26E3 /* STATSUITests */ = {
			isa = PBXNativeTarget;
			buildConfigurationList = 0B3821952C171367004F26E3 /* Build configuration list for PBXNativeTarget "STATSUITests" */;
			buildPhases = (
				0B3821812C171367004F26E3 /* Sources */,
				0B3821822C171367004F26E3 /* Frameworks */,
				0B3821832C171367004F26E3 /* Resources */,
			);
			buildRules = (
			);
			dependencies = (
				0B3821872C171367004F26E3 /* PBXTargetDependency */,
			);
			name = STATSUITests;
			productName = STATSUITests;
			productReference = 0B3821852C171367004F26E3 /* STATSUITests.xctest */;
			productType = "com.apple.product-type.bundle.ui-testing";
		};
/* End PBXNativeTarget section */

/* Begin PBXProject section */
		0B3821612C171366004F26E3 /* Project object */ = {
			isa = PBXProject;
			attributes = {
				BuildIndependentTargetsInParallel = 1;
				LastSwiftUpdateCheck = 1520;
				LastUpgradeCheck = 1520;
				TargetAttributes = {
					0B3821682C171366004F26E3 = {
						CreatedOnToolsVersion = 15.2;
					};
					0B38217A2C171367004F26E3 = {
						CreatedOnToolsVersion = 15.2;
						TestTargetID = 0B3821682C171366004F26E3;
					};
					0B3821842C171367004F26E3 = {
						CreatedOnToolsVersion = 15.2;
						TestTargetID = 0B3821682C171366004F26E3;
					};
				};
			};
			buildConfigurationList = 0B3821642C171366004F26E3 /* Build configuration list for PBXProject "STATS" */;
			compatibilityVersion = "Xcode 14.0";
			developmentRegion = en;
			hasScannedForEncodings = 0;
			knownRegions = (
				en,
				Base,
			);
			mainGroup = 0B3821602C171366004F26E3;
			productRefGroup = 0B38216A2C171366004F26E3 /* Products */;
			projectDirPath = "";
			projectRoot = "";
			targets = (
				0B3821682C171366004F26E3 /* STATS */,
				0B38217A2C171367004F26E3 /* STATSTests */,
				0B3821842C171367004F26E3 /* STATSUITests */,
			);
		};
/* End PBXProject section */

/* Begin PBXResourcesBuildPhase section */
		0B3821672C171366004F26E3 /* Resources */ = {
			isa = PBXResourcesBuildPhase;
			buildActionMask = 2147483647;
			files = (
				0B3821762C171367004F26E3 /* Preview Assets.xcassets in Resources */,
				0B3821732C171367004F26E3 /* Assets.xcassets in Resources */,
			);
			runOnlyForDeploymentPostprocessing = 0;
		};
		0B3821792C171367004F26E3 /* Resources */ = {
			isa = PBXResourcesBuildPhase;
			buildActionMask = 2147483647;
			files = (
			);
			runOnlyForDeploymentPostprocessing = 0;
		};
		0B3821832C171367004F26E3 /* Resources */ = {
			isa = PBXResourcesBuildPhase;
			buildActionMask = 2147483647;
			files = (
			);
			runOnlyForDeploymentPostprocessing = 0;
		};
/* End PBXResourcesBuildPhase section */

/* Begin PBXSourcesBuildPhase section */
		0B3821652C171366004F26E3 /* Sources */ = {
			isa = PBXSourcesBuildPhase;
			buildActionMask = 2147483647;
			files = (
				0B38216F2C171366004F26E3 /* ContentView.swift in Sources */,
				0B3822072C1F5F66004F26E3 /* DecimalDetail.swift in Sources */,
				0B4705C22C32DD30004D1DDB /* History.swift in Sources */,
				0B4705B22C2AAFA1004D1DDB /* TabButton.swift in Sources */,
				0B3822162C22E8FE004F26E3 /* Settings.swift in Sources */,
				0B3821B12C19DEF4004F26E3 /* DecimalEntry.swift in Sources */,
				0B38219F2C184621004F26E3 /* DaysOfWeek.swift in Sources */,
				0B3822052C1F5DA1004F26E3 /* CounterDetail.swift in Sources */,
				0B4705B02C29C9A8004D1DDB /* DecimalReport.swift in Sources */,
				0B4705AC2C297CA6004D1DDB /* CounterReport.swift in Sources */,
				0B38220E2C2056DD004F26E3 /* ModelContext.swift in Sources */,
				0B3821B72C1B2F95004F26E3 /* DecimalEntryForm.swift in Sources */,
				0B4705B62C2C44DA004D1DDB /* DecimalEntryCard.swift in Sources */,
				0B6AC3512C369CF400636AAA /* Tab.swift in Sources */,
				0B3821A92C186D69004F26E3 /* CounterForm.swift in Sources */,
				0B3822122C22E4B9004F26E3 /* Navbar.swift in Sources */,
				0B3821B52C1B2F27004F26E3 /* DecimalForm.swift in Sources */,
				0B3822092C1F6B93004F26E3 /* StatUtility.swift in Sources */,
				0B4705C42C32DEAA004D1DDB /* DecimalEntryList.swift in Sources */,
				0B3821A12C184638004F26E3 /* CounterEntry.swift in Sources */,
				0B4705C02C316814004D1DDB /* AnyEntry.swift in Sources */,
				0B4705BE2C316777004D1DDB /* CounterEntryList.swift in Sources */,
				0B3821B32C19E14A004F26E3 /* Stat.swift in Sources */,
				0B3822012C1F0F68004F26E3 /* Entry.swift in Sources */,
				0B3821AD2C19BA8F004F26E3 /* CounterEntryForm.swift in Sources */,
				0B3821AF2C19DE91004F26E3 /* DecimalStat.swift in Sources */,
				0B38221C2C2488E7004F26E3 /* DecimalCard.swift in Sources */,
				0B3821BA2C1C2510004F26E3 /* AnyStat.swift in Sources */,
				0B4705B42C2C44C3004D1DDB /* CounterEntryCard.swift in Sources */,
				0B38219C2C1845D5004F26E3 /* ReminderFrequencyEnum.swift in Sources */,
				0B4705AA2C297986004D1DDB /* StatDetailTabs.swift in Sources */,
				0B3821992C1836DB004F26E3 /* CounterStat.swift in Sources */,
				0B6AC34F2C35B51500636AAA /* SortType.swift in Sources */,
				0B38216D2C171366004F26E3 /* STATSApp.swift in Sources */,
				0B3822142C22E7A9004F26E3 /* NewStatType.swift in Sources */,
				0B3822032C1F59EA004F26E3 /* CounterCard.swift in Sources */,
				0B6AC3532C369CFE00636AAA /* DetailTab.swift in Sources */,
				0B3821AB2C199D9E004F26E3 /* StatList.swift in Sources */,
			);
			runOnlyForDeploymentPostprocessing = 0;
		};
		0B3821772C171367004F26E3 /* Sources */ = {
			isa = PBXSourcesBuildPhase;
			buildActionMask = 2147483647;
			files = (
				0B3821802C171367004F26E3 /* STATSTests.swift in Sources */,
			);
			runOnlyForDeploymentPostprocessing = 0;
		};
		0B3821812C171367004F26E3 /* Sources */ = {
			isa = PBXSourcesBuildPhase;
			buildActionMask = 2147483647;
			files = (
				0B38218C2C171367004F26E3 /* STATSUITestsLaunchTests.swift in Sources */,
				0B38218A2C171367004F26E3 /* STATSUITests.swift in Sources */,
			);
			runOnlyForDeploymentPostprocessing = 0;
		};
/* End PBXSourcesBuildPhase section */

/* Begin PBXTargetDependency section */
		0B38217D2C171367004F26E3 /* PBXTargetDependency */ = {
			isa = PBXTargetDependency;
			target = 0B3821682C171366004F26E3 /* STATS */;
			targetProxy = 0B38217C2C171367004F26E3 /* PBXContainerItemProxy */;
		};
		0B3821872C171367004F26E3 /* PBXTargetDependency */ = {
			isa = PBXTargetDependency;
			target = 0B3821682C171366004F26E3 /* STATS */;
			targetProxy = 0B3821862C171367004F26E3 /* PBXContainerItemProxy */;
		};
/* End PBXTargetDependency section */

/* Begin XCBuildConfiguration section */
		0B38218D2C171367004F26E3 /* Debug */ = {
			isa = XCBuildConfiguration;
			buildSettings = {
				ALWAYS_SEARCH_USER_PATHS = NO;
				ASSETCATALOG_COMPILER_GENERATE_SWIFT_ASSET_SYMBOL_EXTENSIONS = YES;
				CLANG_ANALYZER_NONNULL = YES;
				CLANG_ANALYZER_NUMBER_OBJECT_CONVERSION = YES_AGGRESSIVE;
				CLANG_CXX_LANGUAGE_STANDARD = "gnu++20";
				CLANG_ENABLE_MODULES = YES;
				CLANG_ENABLE_OBJC_ARC = YES;
				CLANG_ENABLE_OBJC_WEAK = YES;
				CLANG_WARN_BLOCK_CAPTURE_AUTORELEASING = YES;
				CLANG_WARN_BOOL_CONVERSION = YES;
				CLANG_WARN_COMMA = YES;
				CLANG_WARN_CONSTANT_CONVERSION = YES;
				CLANG_WARN_DEPRECATED_OBJC_IMPLEMENTATIONS = YES;
				CLANG_WARN_DIRECT_OBJC_ISA_USAGE = YES_ERROR;
				CLANG_WARN_DOCUMENTATION_COMMENTS = YES;
				CLANG_WARN_EMPTY_BODY = YES;
				CLANG_WARN_ENUM_CONVERSION = YES;
				CLANG_WARN_INFINITE_RECURSION = YES;
				CLANG_WARN_INT_CONVERSION = YES;
				CLANG_WARN_NON_LITERAL_NULL_CONVERSION = YES;
				CLANG_WARN_OBJC_IMPLICIT_RETAIN_SELF = YES;
				CLANG_WARN_OBJC_LITERAL_CONVERSION = YES;
				CLANG_WARN_OBJC_ROOT_CLASS = YES_ERROR;
				CLANG_WARN_QUOTED_INCLUDE_IN_FRAMEWORK_HEADER = YES;
				CLANG_WARN_RANGE_LOOP_ANALYSIS = YES;
				CLANG_WARN_STRICT_PROTOTYPES = YES;
				CLANG_WARN_SUSPICIOUS_MOVE = YES;
				CLANG_WARN_UNGUARDED_AVAILABILITY = YES_AGGRESSIVE;
				CLANG_WARN_UNREACHABLE_CODE = YES;
				CLANG_WARN__DUPLICATE_METHOD_MATCH = YES;
				COPY_PHASE_STRIP = NO;
				DEBUG_INFORMATION_FORMAT = dwarf;
				ENABLE_STRICT_OBJC_MSGSEND = YES;
				ENABLE_TESTABILITY = YES;
				ENABLE_USER_SCRIPT_SANDBOXING = YES;
				GCC_C_LANGUAGE_STANDARD = gnu17;
				GCC_DYNAMIC_NO_PIC = NO;
				GCC_NO_COMMON_BLOCKS = YES;
				GCC_OPTIMIZATION_LEVEL = 0;
				GCC_PREPROCESSOR_DEFINITIONS = (
					"DEBUG=1",
					"$(inherited)",
				);
				GCC_WARN_64_TO_32_BIT_CONVERSION = YES;
				GCC_WARN_ABOUT_RETURN_TYPE = YES_ERROR;
				GCC_WARN_UNDECLARED_SELECTOR = YES;
				GCC_WARN_UNINITIALIZED_AUTOS = YES_AGGRESSIVE;
				GCC_WARN_UNUSED_FUNCTION = YES;
				GCC_WARN_UNUSED_VARIABLE = YES;
				IPHONEOS_DEPLOYMENT_TARGET = 17.2;
				LOCALIZATION_PREFERS_STRING_CATALOGS = YES;
				MTL_ENABLE_DEBUG_INFO = INCLUDE_SOURCE;
				MTL_FAST_MATH = YES;
				ONLY_ACTIVE_ARCH = YES;
				SDKROOT = iphoneos;
				SWIFT_ACTIVE_COMPILATION_CONDITIONS = "DEBUG $(inherited)";
				SWIFT_OPTIMIZATION_LEVEL = "-Onone";
			};
			name = Debug;
		};
		0B38218E2C171367004F26E3 /* Release */ = {
			isa = XCBuildConfiguration;
			buildSettings = {
				ALWAYS_SEARCH_USER_PATHS = NO;
				ASSETCATALOG_COMPILER_GENERATE_SWIFT_ASSET_SYMBOL_EXTENSIONS = YES;
				CLANG_ANALYZER_NONNULL = YES;
				CLANG_ANALYZER_NUMBER_OBJECT_CONVERSION = YES_AGGRESSIVE;
				CLANG_CXX_LANGUAGE_STANDARD = "gnu++20";
				CLANG_ENABLE_MODULES = YES;
				CLANG_ENABLE_OBJC_ARC = YES;
				CLANG_ENABLE_OBJC_WEAK = YES;
				CLANG_WARN_BLOCK_CAPTURE_AUTORELEASING = YES;
				CLANG_WARN_BOOL_CONVERSION = YES;
				CLANG_WARN_COMMA = YES;
				CLANG_WARN_CONSTANT_CONVERSION = YES;
				CLANG_WARN_DEPRECATED_OBJC_IMPLEMENTATIONS = YES;
				CLANG_WARN_DIRECT_OBJC_ISA_USAGE = YES_ERROR;
				CLANG_WARN_DOCUMENTATION_COMMENTS = YES;
				CLANG_WARN_EMPTY_BODY = YES;
				CLANG_WARN_ENUM_CONVERSION = YES;
				CLANG_WARN_INFINITE_RECURSION = YES;
				CLANG_WARN_INT_CONVERSION = YES;
				CLANG_WARN_NON_LITERAL_NULL_CONVERSION = YES;
				CLANG_WARN_OBJC_IMPLICIT_RETAIN_SELF = YES;
				CLANG_WARN_OBJC_LITERAL_CONVERSION = YES;
				CLANG_WARN_OBJC_ROOT_CLASS = YES_ERROR;
				CLANG_WARN_QUOTED_INCLUDE_IN_FRAMEWORK_HEADER = YES;
				CLANG_WARN_RANGE_LOOP_ANALYSIS = YES;
				CLANG_WARN_STRICT_PROTOTYPES = YES;
				CLANG_WARN_SUSPICIOUS_MOVE = YES;
				CLANG_WARN_UNGUARDED_AVAILABILITY = YES_AGGRESSIVE;
				CLANG_WARN_UNREACHABLE_CODE = YES;
				CLANG_WARN__DUPLICATE_METHOD_MATCH = YES;
				COPY_PHASE_STRIP = NO;
				DEBUG_INFORMATION_FORMAT = "dwarf-with-dsym";
				ENABLE_NS_ASSERTIONS = NO;
				ENABLE_STRICT_OBJC_MSGSEND = YES;
				ENABLE_USER_SCRIPT_SANDBOXING = YES;
				GCC_C_LANGUAGE_STANDARD = gnu17;
				GCC_NO_COMMON_BLOCKS = YES;
				GCC_WARN_64_TO_32_BIT_CONVERSION = YES;
				GCC_WARN_ABOUT_RETURN_TYPE = YES_ERROR;
				GCC_WARN_UNDECLARED_SELECTOR = YES;
				GCC_WARN_UNINITIALIZED_AUTOS = YES_AGGRESSIVE;
				GCC_WARN_UNUSED_FUNCTION = YES;
				GCC_WARN_UNUSED_VARIABLE = YES;
				IPHONEOS_DEPLOYMENT_TARGET = 17.2;
				LOCALIZATION_PREFERS_STRING_CATALOGS = YES;
				MTL_ENABLE_DEBUG_INFO = NO;
				MTL_FAST_MATH = YES;
				SDKROOT = iphoneos;
				SWIFT_COMPILATION_MODE = wholemodule;
				VALIDATE_PRODUCT = YES;
			};
			name = Release;
		};
		0B3821902C171367004F26E3 /* Debug */ = {
			isa = XCBuildConfiguration;
			buildSettings = {
				ASSETCATALOG_COMPILER_APPICON_NAME = AppIcon;
				ASSETCATALOG_COMPILER_GLOBAL_ACCENT_COLOR_NAME = AccentColor;
				CODE_SIGN_STYLE = Automatic;
				CURRENT_PROJECT_VERSION = 1;
				DEVELOPMENT_ASSET_PATHS = "\"STATS/Preview Content\"";
				DEVELOPMENT_TEAM = 572P869P75;
				ENABLE_PREVIEWS = YES;
				GENERATE_INFOPLIST_FILE = YES;
				INFOPLIST_KEY_UIApplicationSceneManifest_Generation = YES;
				INFOPLIST_KEY_UIApplicationSupportsIndirectInputEvents = YES;
				INFOPLIST_KEY_UILaunchScreen_Generation = YES;
				INFOPLIST_KEY_UISupportedInterfaceOrientations = UIInterfaceOrientationPortrait;
				LD_RUNPATH_SEARCH_PATHS = (
					"$(inherited)",
					"@executable_path/Frameworks",
				);
				MARKETING_VERSION = 1.0;
				PRODUCT_BUNDLE_IDENTIFIER = com.mschute.STATS;
				PRODUCT_NAME = "$(TARGET_NAME)";
				SWIFT_EMIT_LOC_STRINGS = YES;
				SWIFT_VERSION = 5.0;
				TARGETED_DEVICE_FAMILY = "1,2";
			};
			name = Debug;
		};
		0B3821912C171367004F26E3 /* Release */ = {
			isa = XCBuildConfiguration;
			buildSettings = {
				ASSETCATALOG_COMPILER_APPICON_NAME = AppIcon;
				ASSETCATALOG_COMPILER_GLOBAL_ACCENT_COLOR_NAME = AccentColor;
				CODE_SIGN_STYLE = Automatic;
				CURRENT_PROJECT_VERSION = 1;
				DEVELOPMENT_ASSET_PATHS = "\"STATS/Preview Content\"";
				DEVELOPMENT_TEAM = 572P869P75;
				ENABLE_PREVIEWS = YES;
				GENERATE_INFOPLIST_FILE = YES;
				INFOPLIST_KEY_UIApplicationSceneManifest_Generation = YES;
				INFOPLIST_KEY_UIApplicationSupportsIndirectInputEvents = YES;
				INFOPLIST_KEY_UILaunchScreen_Generation = YES;
				INFOPLIST_KEY_UISupportedInterfaceOrientations = UIInterfaceOrientationPortrait;
				LD_RUNPATH_SEARCH_PATHS = (
					"$(inherited)",
					"@executable_path/Frameworks",
				);
				MARKETING_VERSION = 1.0;
				PRODUCT_BUNDLE_IDENTIFIER = com.mschute.STATS;
				PRODUCT_NAME = "$(TARGET_NAME)";
				SWIFT_EMIT_LOC_STRINGS = YES;
				SWIFT_VERSION = 5.0;
				TARGETED_DEVICE_FAMILY = "1,2";
			};
			name = Release;
		};
		0B3821932C171367004F26E3 /* Debug */ = {
			isa = XCBuildConfiguration;
			buildSettings = {
				ALWAYS_EMBED_SWIFT_STANDARD_LIBRARIES = YES;
				BUNDLE_LOADER = "$(TEST_HOST)";
				CODE_SIGN_STYLE = Automatic;
				CURRENT_PROJECT_VERSION = 1;
				DEVELOPMENT_TEAM = 572P869P75;
				GENERATE_INFOPLIST_FILE = YES;
				IPHONEOS_DEPLOYMENT_TARGET = 17.2;
				MARKETING_VERSION = 1.0;
				PRODUCT_BUNDLE_IDENTIFIER = com.mschute.STATSTests;
				PRODUCT_NAME = "$(TARGET_NAME)";
				SWIFT_EMIT_LOC_STRINGS = NO;
				SWIFT_VERSION = 5.0;
				TARGETED_DEVICE_FAMILY = "1,2";
				TEST_HOST = "$(BUILT_PRODUCTS_DIR)/STATS.app/$(BUNDLE_EXECUTABLE_FOLDER_PATH)/STATS";
			};
			name = Debug;
		};
		0B3821942C171367004F26E3 /* Release */ = {
			isa = XCBuildConfiguration;
			buildSettings = {
				ALWAYS_EMBED_SWIFT_STANDARD_LIBRARIES = YES;
				BUNDLE_LOADER = "$(TEST_HOST)";
				CODE_SIGN_STYLE = Automatic;
				CURRENT_PROJECT_VERSION = 1;
				DEVELOPMENT_TEAM = 572P869P75;
				GENERATE_INFOPLIST_FILE = YES;
				IPHONEOS_DEPLOYMENT_TARGET = 17.2;
				MARKETING_VERSION = 1.0;
				PRODUCT_BUNDLE_IDENTIFIER = com.mschute.STATSTests;
				PRODUCT_NAME = "$(TARGET_NAME)";
				SWIFT_EMIT_LOC_STRINGS = NO;
				SWIFT_VERSION = 5.0;
				TARGETED_DEVICE_FAMILY = "1,2";
				TEST_HOST = "$(BUILT_PRODUCTS_DIR)/STATS.app/$(BUNDLE_EXECUTABLE_FOLDER_PATH)/STATS";
			};
			name = Release;
		};
		0B3821962C171367004F26E3 /* Debug */ = {
			isa = XCBuildConfiguration;
			buildSettings = {
				ALWAYS_EMBED_SWIFT_STANDARD_LIBRARIES = YES;
				CODE_SIGN_STYLE = Automatic;
				CURRENT_PROJECT_VERSION = 1;
				DEVELOPMENT_TEAM = 572P869P75;
				GENERATE_INFOPLIST_FILE = YES;
				MARKETING_VERSION = 1.0;
				PRODUCT_BUNDLE_IDENTIFIER = com.mschute.STATSUITests;
				PRODUCT_NAME = "$(TARGET_NAME)";
				SWIFT_EMIT_LOC_STRINGS = NO;
				SWIFT_VERSION = 5.0;
				TARGETED_DEVICE_FAMILY = "1,2";
				TEST_TARGET_NAME = STATS;
			};
			name = Debug;
		};
		0B3821972C171367004F26E3 /* Release */ = {
			isa = XCBuildConfiguration;
			buildSettings = {
				ALWAYS_EMBED_SWIFT_STANDARD_LIBRARIES = YES;
				CODE_SIGN_STYLE = Automatic;
				CURRENT_PROJECT_VERSION = 1;
				DEVELOPMENT_TEAM = 572P869P75;
				GENERATE_INFOPLIST_FILE = YES;
				MARKETING_VERSION = 1.0;
				PRODUCT_BUNDLE_IDENTIFIER = com.mschute.STATSUITests;
				PRODUCT_NAME = "$(TARGET_NAME)";
				SWIFT_EMIT_LOC_STRINGS = NO;
				SWIFT_VERSION = 5.0;
				TARGETED_DEVICE_FAMILY = "1,2";
				TEST_TARGET_NAME = STATS;
			};
			name = Release;
		};
/* End XCBuildConfiguration section */

/* Begin XCConfigurationList section */
		0B3821642C171366004F26E3 /* Build configuration list for PBXProject "STATS" */ = {
			isa = XCConfigurationList;
			buildConfigurations = (
				0B38218D2C171367004F26E3 /* Debug */,
				0B38218E2C171367004F26E3 /* Release */,
			);
			defaultConfigurationIsVisible = 0;
			defaultConfigurationName = Release;
		};
		0B38218F2C171367004F26E3 /* Build configuration list for PBXNativeTarget "STATS" */ = {
			isa = XCConfigurationList;
			buildConfigurations = (
				0B3821902C171367004F26E3 /* Debug */,
				0B3821912C171367004F26E3 /* Release */,
			);
			defaultConfigurationIsVisible = 0;
			defaultConfigurationName = Release;
		};
		0B3821922C171367004F26E3 /* Build configuration list for PBXNativeTarget "STATSTests" */ = {
			isa = XCConfigurationList;
			buildConfigurations = (
				0B3821932C171367004F26E3 /* Debug */,
				0B3821942C171367004F26E3 /* Release */,
			);
			defaultConfigurationIsVisible = 0;
			defaultConfigurationName = Release;
		};
		0B3821952C171367004F26E3 /* Build configuration list for PBXNativeTarget "STATSUITests" */ = {
			isa = XCConfigurationList;
			buildConfigurations = (
				0B3821962C171367004F26E3 /* Debug */,
				0B3821972C171367004F26E3 /* Release */,
			);
			defaultConfigurationIsVisible = 0;
			defaultConfigurationName = Release;
		};
/* End XCConfigurationList section */
	};
	rootObject = 0B3821612C171366004F26E3 /* Project object */;
}
